
Microsoft Visual Studio Solution File, Format Version 12.00
# Visual Studio 2013
VisualStudioVersion = 12.0.40629.0
MinimumVisualStudioVersion = 10.0.40219.1
Project("{FAE04EC0-301F-11D3-BF4B-00C04F79EFBC}") = "GAPI", "GAPI\GAPI.csproj", "{6ADF1A0A-924F-4F5B-A27F-B52F9886BEB3}"
EndProject
Project("{FAE04EC0-301F-11D3-BF4B-00C04F79EFBC}") = "LogicLibrary", "API_Functions\LogicLibrary.csproj", "{50E7897E-E482-4FF4-8AF8-D5DFA22A6307}"
EndProject
Project("{FAE04EC0-301F-11D3-BF4B-00C04F79EFBC}") = "BritishCab", "BritishCab\BritishCab.csproj", "{E23C656E-F7E4-47EF-9176-AF3333B2D469}"
EndProject
Global
	GlobalSection(SolutionConfigurationPlatforms) = preSolution
		Debug|Any CPU = Debug|Any CPU
		Release|Any CPU = Release|Any CPU
	EndGlobalSection
	GlobalSection(ProjectConfigurationPlatforms) = postSolution
		{6ADF1A0A-924F-4F5B-A27F-B52F9886BEB3}.Debug|Any CPU.ActiveCfg = Debug|Any CPU
		{6ADF1A0A-924F-4F5B-A27F-B52F9886BEB3}.Debug|Any CPU.Build.0 = Debug|Any CPU
		{6ADF1A0A-924F-4F5B-A27F-B52F9886BEB3}.Release|Any CPU.ActiveCfg = Release|Any CPU
		{6ADF1A0A-924F-4F5B-A27F-B52F9886BEB3}.Release|Any CPU.Build.0 = Release|Any CPU
		{50E7897E-E482-4FF4-8AF8-D5DFA22A6307}.Debug|Any CPU.ActiveCfg = Debug|Any CPU
		{50E7897E-E482-4FF4-8AF8-D5DFA22A6307}.Debug|Any CPU.Build.0 = Debug|Any CPU
		{50E7897E-E482-4FF4-8AF8-D5DFA22A6307}.Release|Any CPU.ActiveCfg = Release|Any CPU
		{50E7897E-E482-4FF4-8AF8-D5DFA22A6307}.Release|Any CPU.Build.0 = Release|Any CPU
		{E23C656E-F7E4-47EF-9176-AF3333B2D469}.Debug|Any CPU.ActiveCfg = Debug|Any CPU
		{E23C656E-F7E4-47EF-9176-AF3333B2D469}.Debug|Any CPU.Build.0 = Debug|Any CPU
		{E23C656E-F7E4-47EF-9176-AF3333B2D469}.Release|Any CPU.ActiveCfg = Release|Any CPU
		{E23C656E-F7E4-47EF-9176-AF3333B2D469}.Release|Any CPU.Build.0 = Release|Any CPU
	EndGlobalSection
	GlobalSection(SolutionProperties) = preSolution
		HideSolutionNode = FALSE
	EndGlobalSection
EndGlobal
